
Microsoft Visual Studio Solution File, Format Version 12.00
# Visual Studio Version 17
VisualStudioVersion = 17.9.34728.123
MinimumVisualStudioVersion = 10.0.40219.1
Project("{FAE04EC0-301F-11D3-BF4B-00C04F79EFBC}") = "App Hotel New", "App Hotel New\App Hotel New.csproj", "{A2725A50-6F55-453F-BE06-8C29D4E08FFE}"
EndProject
Global
	GlobalSection(SolutionConfigurationPlatforms) = preSolution
		Debug|Any CPU = Debug|Any CPU
		Release|Any CPU = Release|Any CPU
	EndGlobalSection
	GlobalSection(ProjectConfigurationPlatforms) = postSolution
		{A2725A50-6F55-453F-BE06-8C29D4E08FFE}.Debug|Any CPU.ActiveCfg = Debug|Any CPU
		{A2725A50-6F55-453F-BE06-8C29D4E08FFE}.Debug|Any CPU.Build.0 = Debug|Any CPU
		{A2725A50-6F55-453F-BE06-8C29D4E08FFE}.Release|Any CPU.ActiveCfg = Release|Any CPU
		{A2725A50-6F55-453F-BE06-8C29D4E08FFE}.Release|Any CPU.Build.0 = Release|Any CPU
	EndGlobalSection
	GlobalSection(SolutionProperties) = preSolution
		HideSolutionNode = FALSE
	EndGlobalSection
	GlobalSection(ExtensibilityGlobals) = postSolution
		SolutionGuid = {8BE1F02F-A730-4BBC-9BBF-8D3CBBA0ED51}
	EndGlobalSection
EndGlobal
